
Microsoft Visual Studio Solution File, Format Version 12.00
# Visual Studio Version 17
VisualStudioVersion = 17.2.32616.157
MinimumVisualStudioVersion = 10.0.40219.1
Project("{9A19103F-16F7-4668-BE54-9A1E7A4F7556}") = "DATPacker", "DATPacker.csproj", "{2671BEF1-95CF-4DCF-8398-FC4F9161AABD}"
	ProjectSection(ProjectDependencies) = postProject
		{07AFFB97-85F1-4035-9508-B86A5D3D96D7} = {07AFFB97-85F1-4035-9508-B86A5D3D96D7}
		{3E88F286-F4E1-4294-9CFA-43D27C6F4B78} = {3E88F286-F4E1-4294-9CFA-43D27C6F4B78}
	EndProjectSection
EndProject
Project("{9A19103F-16F7-4668-BE54-9A1E7A4F7556}") = "DATPack", "..\DATPack\DATPack.csproj", "{3E88F286-F4E1-4294-9CFA-43D27C6F4B78}"
EndProject
Project("{9A19103F-16F7-4668-BE54-9A1E7A4F7556}") = "DATExtract", "..\DATExtract\DATExtract\DATExtract.csproj", "{466D5E24-5270-4ED8-9342-136BD3ECDC45}"
EndProject
Project("{9A19103F-16F7-4668-BE54-9A1E7A4F7556}") = "ModLib", "..\ModLib\ModLib.csproj", "{07AFFB97-85F1-4035-9508-B86A5D3D96D7}"
EndProject
Project("{FAE04EC0-301F-11D3-BF4B-00C04F79EFBC}") = "HProjectLib", "..\HProjectLib\HProjectLib.csproj", "{4310719E-91C6-4935-8CFE-D10568FAE7F3}"
EndProject
Global
	GlobalSection(SolutionConfigurationPlatforms) = preSolution
		Build|Any CPU = Build|Any CPU
		Build|x64 = Build|x64
		Debug|Any CPU = Debug|Any CPU
		Debug|x64 = Debug|x64
		Release|Any CPU = Release|Any CPU
		Release|x64 = Release|x64
	EndGlobalSection
	GlobalSection(ProjectConfigurationPlatforms) = postSolution
		{2671BEF1-95CF-4DCF-8398-FC4F9161AABD}.Build|Any CPU.ActiveCfg = Release|Any CPU
		{2671BEF1-95CF-4DCF-8398-FC4F9161AABD}.Build|Any CPU.Build.0 = Release|Any CPU
		{2671BEF1-95CF-4DCF-8398-FC4F9161AABD}.Build|x64.ActiveCfg = Release|x64
		{2671BEF1-95CF-4DCF-8398-FC4F9161AABD}.Build|x64.Build.0 = Release|x64
		{2671BEF1-95CF-4DCF-8398-FC4F9161AABD}.Debug|Any CPU.ActiveCfg = Debug|Any CPU
		{2671BEF1-95CF-4DCF-8398-FC4F9161AABD}.Debug|Any CPU.Build.0 = Debug|Any CPU
		{2671BEF1-95CF-4DCF-8398-FC4F9161AABD}.Debug|x64.ActiveCfg = Debug|x64
		{2671BEF1-95CF-4DCF-8398-FC4F9161AABD}.Debug|x64.Build.0 = Debug|x64
		{2671BEF1-95CF-4DCF-8398-FC4F9161AABD}.Release|Any CPU.ActiveCfg = Release|Any CPU
		{2671BEF1-95CF-4DCF-8398-FC4F9161AABD}.Release|Any CPU.Build.0 = Release|Any CPU
		{2671BEF1-95CF-4DCF-8398-FC4F9161AABD}.Release|x64.ActiveCfg = Release|x64
		{2671BEF1-95CF-4DCF-8398-FC4F9161AABD}.Release|x64.Build.0 = Release|x64
		{3E88F286-F4E1-4294-9CFA-43D27C6F4B78}.Build|Any CPU.ActiveCfg = Debug|Any CPU
		{3E88F286-F4E1-4294-9CFA-43D27C6F4B78}.Build|Any CPU.Build.0 = Debug|Any CPU
		{3E88F286-F4E1-4294-9CFA-43D27C6F4B78}.Build|x64.ActiveCfg = Release|x64
		{3E88F286-F4E1-4294-9CFA-43D27C6F4B78}.Build|x64.Build.0 = Release|x64
		{3E88F286-F4E1-4294-9CFA-43D27C6F4B78}.Debug|Any CPU.ActiveCfg = Release|Any CPU
		{3E88F286-F4E1-4294-9CFA-43D27C6F4B78}.Debug|Any CPU.Build.0 = Release|Any CPU
		{3E88F286-F4E1-4294-9CFA-43D27C6F4B78}.Debug|x64.ActiveCfg = Debug|x64
		{3E88F286-F4E1-4294-9CFA-43D27C6F4B78}.Debug|x64.Build.0 = Debug|x64
		{3E88F286-F4E1-4294-9CFA-43D27C6F4B78}.Release|Any CPU.ActiveCfg = Release|Any CPU
		{3E88F286-F4E1-4294-9CFA-43D27C6F4B78}.Release|Any CPU.Build.0 = Release|Any CPU
		{3E88F286-F4E1-4294-9CFA-43D27C6F4B78}.Release|x64.ActiveCfg = Release|x64
		{3E88F286-F4E1-4294-9CFA-43D27C6F4B78}.Release|x64.Build.0 = Release|x64
		{466D5E24-5270-4ED8-9342-136BD3ECDC45}.Build|Any CPU.ActiveCfg = Build|Any CPU
		{466D5E24-5270-4ED8-9342-136BD3ECDC45}.Build|Any CPU.Build.0 = Build|Any CPU
		{466D5E24-5270-4ED8-9342-136BD3ECDC45}.Build|x64.ActiveCfg = Build|x64
		{466D5E24-5270-4ED8-9342-136BD3ECDC45}.Build|x64.Build.0 = Build|x64
		{466D5E24-5270-4ED8-9342-136BD3ECDC45}.Debug|Any CPU.ActiveCfg = Debug|Any CPU
		{466D5E24-5270-4ED8-9342-136BD3ECDC45}.Debug|Any CPU.Build.0 = Debug|Any CPU
		{466D5E24-5270-4ED8-9342-136BD3ECDC45}.Debug|x64.ActiveCfg = Debug|x64
		{466D5E24-5270-4ED8-9342-136BD3ECDC45}.Debug|x64.Build.0 = Debug|x64
		{466D5E24-5270-4ED8-9342-136BD3ECDC45}.Release|Any CPU.ActiveCfg = Release|Any CPU
		{466D5E24-5270-4ED8-9342-136BD3ECDC45}.Release|Any CPU.Build.0 = Release|Any CPU
		{466D5E24-5270-4ED8-9342-136BD3ECDC45}.Release|x64.ActiveCfg = Release|x64
		{466D5E24-5270-4ED8-9342-136BD3ECDC45}.Release|x64.Build.0 = Release|x64
		{07AFFB97-85F1-4035-9508-B86A5D3D96D7}.Build|Any CPU.ActiveCfg = Build|Any CPU
		{07AFFB97-85F1-4035-9508-B86A5D3D96D7}.Build|Any CPU.Build.0 = Build|Any CPU
		{07AFFB97-85F1-4035-9508-B86A5D3D96D7}.Build|x64.ActiveCfg = Build|x64
		{07AFFB97-85F1-4035-9508-B86A5D3D96D7}.Build|x64.Build.0 = Build|x64
		{07AFFB97-85F1-4035-9508-B86A5D3D96D7}.Debug|Any CPU.ActiveCfg = Debug|Any CPU
		{07AFFB97-85F1-4035-9508-B86A5D3D96D7}.Debug|Any CPU.Build.0 = Debug|Any CPU
		{07AFFB97-85F1-4035-9508-B86A5D3D96D7}.Debug|x64.ActiveCfg = Debug|x64
		{07AFFB97-85F1-4035-9508-B86A5D3D96D7}.Debug|x64.Build.0 = Debug|x64
		{07AFFB97-85F1-4035-9508-B86A5D3D96D7}.Release|Any CPU.ActiveCfg = Release|Any CPU
		{07AFFB97-85F1-4035-9508-B86A5D3D96D7}.Release|Any CPU.Build.0 = Release|Any CPU
		{07AFFB97-85F1-4035-9508-B86A5D3D96D7}.Release|x64.ActiveCfg = Release|x64
		{07AFFB97-85F1-4035-9508-B86A5D3D96D7}.Release|x64.Build.0 = Release|x64
		{4310719E-91C6-4935-8CFE-D10568FAE7F3}.Build|Any CPU.ActiveCfg = Debug|Any CPU
		{4310719E-91C6-4935-8CFE-D10568FAE7F3}.Build|Any CPU.Build.0 = Debug|Any CPU
		{4310719E-91C6-4935-8CFE-D10568FAE7F3}.Build|x64.ActiveCfg = Debug|Any CPU
		{4310719E-91C6-4935-8CFE-D10568FAE7F3}.Build|x64.Build.0 = Debug|Any CPU
		{4310719E-91C6-4935-8CFE-D10568FAE7F3}.Debug|Any CPU.ActiveCfg = Debug|Any CPU
		{4310719E-91C6-4935-8CFE-D10568FAE7F3}.Debug|Any CPU.Build.0 = Debug|Any CPU
		{4310719E-91C6-4935-8CFE-D10568FAE7F3}.Debug|x64.ActiveCfg = Debug|Any CPU
		{4310719E-91C6-4935-8CFE-D10568FAE7F3}.Debug|x64.Build.0 = Debug|Any CPU
		{4310719E-91C6-4935-8CFE-D10568FAE7F3}.Release|Any CPU.ActiveCfg = Release|Any CPU
		{4310719E-91C6-4935-8CFE-D10568FAE7F3}.Release|Any CPU.Build.0 = Release|Any CPU
		{4310719E-91C6-4935-8CFE-D10568FAE7F3}.Release|x64.ActiveCfg = Release|Any CPU
		{4310719E-91C6-4935-8CFE-D10568FAE7F3}.Release|x64.Build.0 = Release|Any CPU
	EndGlobalSection
	GlobalSection(SolutionProperties) = preSolution
		HideSolutionNode = FALSE
	EndGlobalSection
	GlobalSection(ExtensibilityGlobals) = postSolution
		SolutionGuid = {1F521DB4-A25D-4044-9191-96962064FAF5}
	EndGlobalSection
EndGlobal
