
Microsoft Visual Studio Solution File, Format Version 12.00
# Visual Studio Version 17
VisualStudioVersion = 17.2.32616.157
MinimumVisualStudioVersion = 10.0.40219.1
Project("{FAE04EC0-301F-11D3-BF4B-00C04F79EFBC}") = "DATPacker", "DATPacker.csproj", "{2671BEF1-95CF-4DCF-8398-FC4F9161AABD}"
EndProject
Project("{9A19103F-16F7-4668-BE54-9A1E7A4F7556}") = "DATPack", "..\DATPack\DATPack.csproj", "{3E88F286-F4E1-4294-9CFA-43D27C6F4B78}"
EndProject
Global
	GlobalSection(SolutionConfigurationPlatforms) = preSolution
		Debug|Any CPU = Debug|Any CPU
		Release|Any CPU = Release|Any CPU
	EndGlobalSection
	GlobalSection(ProjectConfigurationPlatforms) = postSolution
		{2671BEF1-95CF-4DCF-8398-FC4F9161AABD}.Debug|Any CPU.ActiveCfg = Debug|Any CPU
		{2671BEF1-95CF-4DCF-8398-FC4F9161AABD}.Debug|Any CPU.Build.0 = Debug|Any CPU
		{2671BEF1-95CF-4DCF-8398-FC4F9161AABD}.Release|Any CPU.ActiveCfg = Release|Any CPU
		{2671BEF1-95CF-4DCF-8398-FC4F9161AABD}.Release|Any CPU.Build.0 = Release|Any CPU
		{3E88F286-F4E1-4294-9CFA-43D27C6F4B78}.Debug|Any CPU.ActiveCfg = Release|Any CPU
		{3E88F286-F4E1-4294-9CFA-43D27C6F4B78}.Debug|Any CPU.Build.0 = Release|Any CPU
		{3E88F286-F4E1-4294-9CFA-43D27C6F4B78}.Release|Any CPU.ActiveCfg = Release|Any CPU
		{3E88F286-F4E1-4294-9CFA-43D27C6F4B78}.Release|Any CPU.Build.0 = Release|Any CPU
	EndGlobalSection
	GlobalSection(SolutionProperties) = preSolution
		HideSolutionNode = FALSE
	EndGlobalSection
	GlobalSection(ExtensibilityGlobals) = postSolution
		SolutionGuid = {1F521DB4-A25D-4044-9191-96962064FAF5}
	EndGlobalSection
EndGlobal
